// !$*UTF8*$!
{
	archiveVersion = 1;
	classes = {
	};
	objectVersion = 50;
	objects = {

/* Begin PBXBuildFile section */
		D657BC96250C7A1E000481F9 /* main.cpp in Sources */ = {isa = PBXBuildFile; fileRef = D657BC95250C7A1E000481F9 /* main.cpp */; };
		D657BC9F250C7A54000481F9 /* TwoSum.cpp in Sources */ = {isa = PBXBuildFile; fileRef = D657BC9D250C7A54000481F9 /* TwoSum.cpp */; };
		D669E55A255F758000F390B5 /* MaxmumSubArray.cpp in Sources */ = {isa = PBXBuildFile; fileRef = D669E558255F758000F390B5 /* MaxmumSubArray.cpp */; };
		D6E7DEB52568B1B700F432D7 /* GCD.cpp in Sources */ = {isa = PBXBuildFile; fileRef = D6E7DEB32568B1B700F432D7 /* GCD.cpp */; };
/* End PBXBuildFile section */

/* Begin PBXCopyFilesBuildPhase section */
		D657BC90250C7A1E000481F9 /* CopyFiles */ = {
			isa = PBXCopyFilesBuildPhase;
			buildActionMask = 2147483647;
			dstPath = /usr/share/man/man1/;
			dstSubfolderSpec = 0;
			files = (
			);
			runOnlyForDeploymentPostprocessing = 1;
		};
/* End PBXCopyFilesBuildPhase section */

/* Begin PBXFileReference section */
		D657BC92250C7A1E000481F9 /* LeetCode_CPP */ = {isa = PBXFileReference; explicitFileType = "compiled.mach-o.executable"; includeInIndex = 0; path = LeetCode_CPP; sourceTree = BUILT_PRODUCTS_DIR; };
		D657BC95250C7A1E000481F9 /* main.cpp */ = {isa = PBXFileReference; lastKnownFileType = sourcecode.cpp.cpp; path = main.cpp; sourceTree = "<group>"; };
		D657BC9D250C7A54000481F9 /* TwoSum.cpp */ = {isa = PBXFileReference; lastKnownFileType = sourcecode.cpp.cpp; path = TwoSum.cpp; sourceTree = "<group>"; };
		D657BC9E250C7A54000481F9 /* TwoSum.hpp */ = {isa = PBXFileReference; lastKnownFileType = sourcecode.cpp.h; path = TwoSum.hpp; sourceTree = "<group>"; };
		D669E558255F758000F390B5 /* MaxmumSubArray.cpp */ = {isa = PBXFileReference; lastKnownFileType = sourcecode.cpp.cpp; path = MaxmumSubArray.cpp; sourceTree = "<group>"; };
		D669E559255F758000F390B5 /* MaxmumSubArray.hpp */ = {isa = PBXFileReference; lastKnownFileType = sourcecode.cpp.h; path = MaxmumSubArray.hpp; sourceTree = "<group>"; };
		D6E7DEB32568B1B700F432D7 /* GCD.cpp */ = {isa = PBXFileReference; lastKnownFileType = sourcecode.cpp.cpp; path = GCD.cpp; sourceTree = "<group>"; };
		D6E7DEB42568B1B700F432D7 /* GCD.hpp */ = {isa = PBXFileReference; lastKnownFileType = sourcecode.cpp.h; path = GCD.hpp; sourceTree = "<group>"; };
/* End PBXFileReference section */

/* Begin PBXFrameworksBuildPhase section */
		D657BC8F250C7A1E000481F9 /* Frameworks */ = {
			isa = PBXFrameworksBuildPhase;
			buildActionMask = 2147483647;
			files = (
			);
			runOnlyForDeploymentPostprocessing = 0;
		};
/* End PBXFrameworksBuildPhase section */

/* Begin PBXGroup section */
		D657BC89250C7A1E000481F9 = {
			isa = PBXGroup;
			children = (
				D657BC94250C7A1E000481F9 /* LeetCode_CPP */,
				D657BC93250C7A1E000481F9 /* Products */,
			);
			sourceTree = "<group>";
		};
		D657BC93250C7A1E000481F9 /* Products */ = {
			isa = PBXGroup;
			children = (
				D657BC92250C7A1E000481F9 /* LeetCode_CPP */,
			);
			name = Products;
			sourceTree = "<group>";
		};
		D657BC94250C7A1E000481F9 /* LeetCode_CPP */ = {
			isa = PBXGroup;
			children = (
				D657BC95250C7A1E000481F9 /* main.cpp */,
				D6E7DEB12568B17A00F432D7 /* 0 */,
				D657BC9C250C7A32000481F9 /* 1.TwoSum */,
				D669E557255F750F00F390B5 /* 53.MaxmumSubArray */,
			);
			path = LeetCode_CPP;
			sourceTree = "<group>";
		};
		D657BC9C250C7A32000481F9 /* 1.TwoSum */ = {
			isa = PBXGroup;
			children = (
				D657BC9D250C7A54000481F9 /* TwoSum.cpp */,
				D657BC9E250C7A54000481F9 /* TwoSum.hpp */,
			);
			path = 1.TwoSum;
			sourceTree = "<group>";
		};
		D669E557255F750F00F390B5 /* 53.MaxmumSubArray */ = {
			isa = PBXGroup;
			children = (
				D669E558255F758000F390B5 /* MaxmumSubArray.cpp */,
				D669E559255F758000F390B5 /* MaxmumSubArray.hpp */,
			);
			path = 53.MaxmumSubArray;
			sourceTree = "<group>";
		};
		D6E7DEB12568B17A00F432D7 /* 0 */ = {
			isa = PBXGroup;
			children = (
				D6E7DEB32568B1B700F432D7 /* GCD.cpp */,
				D6E7DEB42568B1B700F432D7 /* GCD.hpp */,
			);
			path = 0;
			sourceTree = "<group>";
		};
/* End PBXGroup section */

/* Begin PBXNativeTarget section */
		D657BC91250C7A1E000481F9 /* LeetCode_CPP */ = {
			isa = PBXNativeTarget;
			buildConfigurationList = D657BC99250C7A1E000481F9 /* Build configuration list for PBXNativeTarget "LeetCode_CPP" */;
			buildPhases = (
				D657BC8E250C7A1E000481F9 /* Sources */,
				D657BC8F250C7A1E000481F9 /* Frameworks */,
				D657BC90250C7A1E000481F9 /* CopyFiles */,
			);
			buildRules = (
			);
			dependencies = (
			);
			name = LeetCode_CPP;
			productName = LeetCode_CPP;
			productReference = D657BC92250C7A1E000481F9 /* LeetCode_CPP */;
			productType = "com.apple.product-type.tool";
		};
/* End PBXNativeTarget section */

/* Begin PBXProject section */
		D657BC8A250C7A1E000481F9 /* Project object */ = {
			isa = PBXProject;
			attributes = {
				LastUpgradeCheck = 1170;
				ORGANIZATIONNAME = chenguang;
				TargetAttributes = {
					D657BC91250C7A1E000481F9 = {
						CreatedOnToolsVersion = 11.7;
					};
				};
			};
			buildConfigurationList = D657BC8D250C7A1E000481F9 /* Build configuration list for PBXProject "LeetCode_CPP" */;
			compatibilityVersion = "Xcode 9.3";
			developmentRegion = en;
			hasScannedForEncodings = 0;
			knownRegions = (
				en,
				Base,
			);
			mainGroup = D657BC89250C7A1E000481F9;
			productRefGroup = D657BC93250C7A1E000481F9 /* Products */;
			projectDirPath = "";
			projectRoot = "";
			targets = (
				D657BC91250C7A1E000481F9 /* LeetCode_CPP */,
			);
		};
/* End PBXProject section */

/* Begin PBXSourcesBuildPhase section */
		D657BC8E250C7A1E000481F9 /* Sources */ = {
			isa = PBXSourcesBuildPhase;
			buildActionMask = 2147483647;
			files = (
				D657BC9F250C7A54000481F9 /* TwoSum.cpp in Sources */,
				D669E55A255F758000F390B5 /* MaxmumSubArray.cpp in Sources */,
				D6E7DEB52568B1B700F432D7 /* GCD.cpp in Sources */,
				D657BC96250C7A1E000481F9 /* main.cpp in Sources */,
			);
			runOnlyForDeploymentPostprocessing = 0;
		};
/* End PBXSourcesBuildPhase section */

/* Begin XCBuildConfiguration section */
		D657BC97250C7A1E000481F9 /* Debug */ = {
			isa = XCBuildConfiguration;
			buildSettings = {
				ALWAYS_SEARCH_USER_PATHS = NO;
				CLANG_ANALYZER_NONNULL = YES;
				CLANG_ANALYZER_NUMBER_OBJECT_CONVERSION = YES_AGGRESSIVE;
				CLANG_CXX_LANGUAGE_STANDARD = "gnu++14";
				CLANG_CXX_LIBRARY = "libc++";
				CLANG_ENABLE_MODULES = YES;
				CLANG_ENABLE_OBJC_ARC = YES;
				CLANG_ENABLE_OBJC_WEAK = YES;
				CLANG_WARN_BLOCK_CAPTURE_AUTORELEASING = YES;
				CLANG_WARN_BOOL_CONVERSION = YES;
				CLANG_WARN_COMMA = YES;
				CLANG_WARN_CONSTANT_CONVERSION = YES;
				CLANG_WARN_DEPRECATED_OBJC_IMPLEMENTATIONS = YES;
				CLANG_WARN_DIRECT_OBJC_ISA_USAGE = YES_ERROR;
				CLANG_WARN_DOCUMENTATION_COMMENTS = YES;
				CLANG_WARN_EMPTY_BODY = YES;
				CLANG_WARN_ENUM_CONVERSION = YES;
				CLANG_WARN_INFINITE_RECURSION = YES;
				CLANG_WARN_INT_CONVERSION = YES;
				CLANG_WARN_NON_LITERAL_NULL_CONVERSION = YES;
				CLANG_WARN_OBJC_IMPLICIT_RETAIN_SELF = YES;
				CLANG_WARN_OBJC_LITERAL_CONVERSION = YES;
				CLANG_WARN_OBJC_ROOT_CLASS = YES_ERROR;
				CLANG_WARN_RANGE_LOOP_ANALYSIS = YES;
				CLANG_WARN_STRICT_PROTOTYPES = YES;
				CLANG_WARN_SUSPICIOUS_MOVE = YES;
				CLANG_WARN_UNGUARDED_AVAILABILITY = YES_AGGRESSIVE;
				CLANG_WARN_UNREACHABLE_CODE = YES;
				CLANG_WARN__DUPLICATE_METHOD_MATCH = YES;
				COPY_PHASE_STRIP = NO;
				DEBUG_INFORMATION_FORMAT = dwarf;
				ENABLE_STRICT_OBJC_MSGSEND = YES;
				ENABLE_TESTABILITY = YES;
				GCC_C_LANGUAGE_STANDARD = gnu11;
				GCC_DYNAMIC_NO_PIC = NO;
				GCC_NO_COMMON_BLOCKS = YES;
				GCC_OPTIMIZATION_LEVEL = 0;
				GCC_PREPROCESSOR_DEFINITIONS = (
					"DEBUG=1",
					"$(inherited)",
				);
				GCC_WARN_64_TO_32_BIT_CONVERSION = YES;
				GCC_WARN_ABOUT_RETURN_TYPE = YES_ERROR;
				GCC_WARN_UNDECLARED_SELECTOR = YES;
				GCC_WARN_UNINITIALIZED_AUTOS = YES_AGGRESSIVE;
				GCC_WARN_UNUSED_FUNCTION = YES;
				GCC_WARN_UNUSED_VARIABLE = YES;
				MACOSX_DEPLOYMENT_TARGET = 10.15;
				MTL_ENABLE_DEBUG_INFO = INCLUDE_SOURCE;
				MTL_FAST_MATH = YES;
				ONLY_ACTIVE_ARCH = YES;
				SDKROOT = macosx;
			};
			name = Debug;
		};
		D657BC98250C7A1E000481F9 /* Release */ = {
			isa = XCBuildConfiguration;
			buildSettings = {
				ALWAYS_SEARCH_USER_PATHS = NO;
				CLANG_ANALYZER_NONNULL = YES;
				CLANG_ANALYZER_NUMBER_OBJECT_CONVERSION = YES_AGGRESSIVE;
				CLANG_CXX_LANGUAGE_STANDARD = "gnu++14";
				CLANG_CXX_LIBRARY = "libc++";
				CLANG_ENABLE_MODULES = YES;
				CLANG_ENABLE_OBJC_ARC = YES;
				CLANG_ENABLE_OBJC_WEAK = YES;
				CLANG_WARN_BLOCK_CAPTURE_AUTORELEASING = YES;
				CLANG_WARN_BOOL_CONVERSION = YES;
				CLANG_WARN_COMMA = YES;
				CLANG_WARN_CONSTANT_CONVERSION = YES;
				CLANG_WARN_DEPRECATED_OBJC_IMPLEMENTATIONS = YES;
				CLANG_WARN_DIRECT_OBJC_ISA_USAGE = YES_ERROR;
				CLANG_WARN_DOCUMENTATION_COMMENTS = YES;
				CLANG_WARN_EMPTY_BODY = YES;
				CLANG_WARN_ENUM_CONVERSION = YES;
				CLANG_WARN_INFINITE_RECURSION = YES;
				CLANG_WARN_INT_CONVERSION = YES;
				CLANG_WARN_NON_LITERAL_NULL_CONVERSION = YES;
				CLANG_WARN_OBJC_IMPLICIT_RETAIN_SELF = YES;
				CLANG_WARN_OBJC_LITERAL_CONVERSION = YES;
				CLANG_WARN_OBJC_ROOT_CLASS = YES_ERROR;
				CLANG_WARN_RANGE_LOOP_ANALYSIS = YES;
				CLANG_WARN_STRICT_PROTOTYPES = YES;
				CLANG_WARN_SUSPICIOUS_MOVE = YES;
				CLANG_WARN_UNGUARDED_AVAILABILITY = YES_AGGRESSIVE;
				CLANG_WARN_UNREACHABLE_CODE = YES;
				CLANG_WARN__DUPLICATE_METHOD_MATCH = YES;
				COPY_PHASE_STRIP = NO;
				DEBUG_INFORMATION_FORMAT = "dwarf-with-dsym";
				ENABLE_NS_ASSERTIONS = NO;
				ENABLE_STRICT_OBJC_MSGSEND = YES;
				GCC_C_LANGUAGE_STANDARD = gnu11;
				GCC_NO_COMMON_BLOCKS = YES;
				GCC_WARN_64_TO_32_BIT_CONVERSION = YES;
				GCC_WARN_ABOUT_RETURN_TYPE = YES_ERROR;
				GCC_WARN_UNDECLARED_SELECTOR = YES;
				GCC_WARN_UNINITIALIZED_AUTOS = YES_AGGRESSIVE;
				GCC_WARN_UNUSED_FUNCTION = YES;
				GCC_WARN_UNUSED_VARIABLE = YES;
				MACOSX_DEPLOYMENT_TARGET = 10.15;
				MTL_ENABLE_DEBUG_INFO = NO;
				MTL_FAST_MATH = YES;
				SDKROOT = macosx;
			};
			name = Release;
		};
		D657BC9A250C7A1E000481F9 /* Debug */ = {
			isa = XCBuildConfiguration;
			buildSettings = {
				CODE_SIGN_STYLE = Automatic;
				DEVELOPMENT_TEAM = S4Z9KH4AY5;
				ENABLE_HARDENED_RUNTIME = YES;
				PRODUCT_NAME = "$(TARGET_NAME)";
			};
			name = Debug;
		};
		D657BC9B250C7A1E000481F9 /* Release */ = {
			isa = XCBuildConfiguration;
			buildSettings = {
				CODE_SIGN_STYLE = Automatic;
				DEVELOPMENT_TEAM = S4Z9KH4AY5;
				ENABLE_HARDENED_RUNTIME = YES;
				PRODUCT_NAME = "$(TARGET_NAME)";
			};
			name = Release;
		};
/* End XCBuildConfiguration section */

/* Begin XCConfigurationList section */
		D657BC8D250C7A1E000481F9 /* Build configuration list for PBXProject "LeetCode_CPP" */ = {
			isa = XCConfigurationList;
			buildConfigurations = (
				D657BC97250C7A1E000481F9 /* Debug */,
				D657BC98250C7A1E000481F9 /* Release */,
			);
			defaultConfigurationIsVisible = 0;
			defaultConfigurationName = Release;
		};
		D657BC99250C7A1E000481F9 /* Build configuration list for PBXNativeTarget "LeetCode_CPP" */ = {
			isa = XCConfigurationList;
			buildConfigurations = (
				D657BC9A250C7A1E000481F9 /* Debug */,
				D657BC9B250C7A1E000481F9 /* Release */,
			);
			defaultConfigurationIsVisible = 0;
			defaultConfigurationName = Release;
		};
/* End XCConfigurationList section */
	};
	rootObject = D657BC8A250C7A1E000481F9 /* Project object */;
}
